
Microsoft Visual Studio Solution File, Format Version 12.00
# Visual Studio Version 17
VisualStudioVersion = 17.0.31903.59
MinimumVisualStudioVersion = 10.0.40219.1
Project("{2150E333-8FDC-42A3-9474-1A3956D46DE8}") = "Source", "Source", "{D194E728-EF78-4CEE-8EB6-D12A0018AA09}"
EndProject
Project("{2150E333-8FDC-42A3-9474-1A3956D46DE8}") = "AuthApp", "AuthApp", "{F5CC11E4-E3C6-416F-B106-843D71C4F096}"
EndProject
Project("{FAE04EC0-301F-11D3-BF4B-00C04F79EFBC}") = "BioBooker.AuthApp.Uil", "Source\AuthApp\Uil\BioBooker.AuthApp.Uil.csproj", "{828C1182-8946-488C-B562-3A6F242E3D3B}"
EndProject
Project("{FAE04EC0-301F-11D3-BF4B-00C04F79EFBC}") = "BioBooker.AuthApp.Bll", "Source\AuthApp\Bll\BioBooker.AuthApp.Bll.csproj", "{AEF05ADE-1DC4-4567-8CF5-C7E30062DD58}"
EndProject
Project("{FAE04EC0-301F-11D3-BF4B-00C04F79EFBC}") = "BioBooker.AuthApp.Svl", "Source\AuthApp\Svl\BioBooker.AuthApp.Svl.csproj", "{D8AFEF15-338E-4BF1-95C4-1E2B31AFA1CA}"
EndProject
Project("{FAE04EC0-301F-11D3-BF4B-00C04F79EFBC}") = "BioBooker.AuthApp.Dal", "Source\AuthApp\Dal\BioBooker.AuthApp.Dal.csproj", "{480BB775-B82A-42AC-BC7F-CFE74A3FD605}"
EndProject
Project("{FAE04EC0-301F-11D3-BF4B-00C04F79EFBC}") = "BioBooker.AuthApp.Dml", "Source\AuthApp\Dml\BioBooker.AuthApp.Dml.csproj", "{261B8F15-19FF-4F17-860A-47A4F7E8CAFB}"
EndProject
Project("{FAE04EC0-301F-11D3-BF4B-00C04F79EFBC}") = "BioBooker.Utl", "Source\Utl\BioBooker.Utl.csproj", "{195214E8-9774-4080-8AF4-5E178BBDBEC9}"
EndProject
Project("{FAE04EC0-301F-11D3-BF4B-00C04F79EFBC}") = "BioBooker.Dml", "Source\Dml\BioBooker.Dml.csproj", "{400AF884-0B7E-4771-BBF6-79B081D3FBF5}"
EndProject
Project("{2150E333-8FDC-42A3-9474-1A3956D46DE8}") = "WebApi", "WebApi", "{1FA2FB18-C99F-4D21-804A-7217F3A111A9}"
EndProject
Project("{FAE04EC0-301F-11D3-BF4B-00C04F79EFBC}") = "BioBooker.WebApi.Ctl", "Source\WebApi\Ctl\BioBooker.WebApi.Ctl.csproj", "{3F0ABD88-F484-4232-94BD-DAE4A17B22EC}"
EndProject
Project("{FAE04EC0-301F-11D3-BF4B-00C04F79EFBC}") = "BioBooker.WebApi.Bll", "Source\WebApi\Bll\BioBooker.WebApi.Bll.csproj", "{E0768446-0F1F-4A43-81B3-CFD19F65A6D0}"
EndProject
Project("{FAE04EC0-301F-11D3-BF4B-00C04F79EFBC}") = "BioBooker.WebApi.Svl", "Source\WebApi\Svl\BioBooker.WebApi.Svl.csproj", "{BA5DBBA8-2638-4B20-AC46-2D05B9E953D5}"
EndProject
Project("{FAE04EC0-301F-11D3-BF4B-00C04F79EFBC}") = "BioBooker.WebApi.Dal", "Source\WebApi\Dal\BioBooker.WebApi.Dal.csproj", "{CE65D208-A882-45EE-A0E3-3D83E325D186}"
EndProject
Project("{2150E333-8FDC-42A3-9474-1A3956D46DE8}") = "WebApp", "WebApp", "{2F15C357-B37A-48F1-96E2-8C4C094E9156}"
EndProject
Project("{FAE04EC0-301F-11D3-BF4B-00C04F79EFBC}") = "BioBooker.WebApp.Uil", "Source\WebApp\Uil\BioBooker.WebApp.Uil.csproj", "{592DFB0C-42ED-47C8-894F-46E1381E1ED2}"
EndProject
Project("{FAE04EC0-301F-11D3-BF4B-00C04F79EFBC}") = "BioBooker.WebApp.Bll", "Source\WebApp\Bll\BioBooker.WebApp.Bll.csproj", "{463FE671-A6BC-4C75-8518-F4E47C96B33F}"
EndProject
Project("{FAE04EC0-301F-11D3-BF4B-00C04F79EFBC}") = "BioBooker.WebApp.Svl", "Source\WebApp\Svl\BioBooker.WebApp.Svl.csproj", "{2DB2956E-B6BE-4A54-9545-BE9780628A1D}"
EndProject
Project("{2150E333-8FDC-42A3-9474-1A3956D46DE8}") = "WinApp", "WinApp", "{8FDB0CFE-3B6F-4567-B143-CC237373F7C1}"
EndProject
Project("{FAE04EC0-301F-11D3-BF4B-00C04F79EFBC}") = "BioBooker.WinApp.Uil", "Source\WinApp\Uil\BioBooker.WinApp.Uil.csproj", "{888FC146-C4C8-4CF5-BC9C-6991EB11EC69}"
EndProject
Project("{FAE04EC0-301F-11D3-BF4B-00C04F79EFBC}") = "BioBooker.WinApp.Bll", "Source\WinApp\Bll\BioBooker.WinApp.Bll.csproj", "{3E88607D-2312-4563-A377-2FC6A96162F6}"
EndProject
Project("{FAE04EC0-301F-11D3-BF4B-00C04F79EFBC}") = "BioBooker.WinApp.Svl", "Source\WinApp\Svl\BioBooker.WinApp.Svl.csproj", "{096126A0-057B-4809-A62C-9B2C5F9F4C1C}"
EndProject
Project("{2150E333-8FDC-42A3-9474-1A3956D46DE8}") = "Tests", "Tests", "{2CE831E3-CAE5-40F7-8E2A-90BCFE26F330}"
EndProject
Project("{2150E333-8FDC-42A3-9474-1A3956D46DE8}") = "AuthApp", "AuthApp", "{C2DF3C80-059E-4A80-B2C8-8FD4C2BDEFBB}"
EndProject
Project("{FAE04EC0-301F-11D3-BF4B-00C04F79EFBC}") = "BioBooker.AuthApp.UnitTests", "Tests\AuthApp\UnitTests\BioBooker.AuthApp.UnitTests.csproj", "{9B3BE0D2-D7F2-40D8-B320-FF6E49FE9970}"
EndProject
Project("{FAE04EC0-301F-11D3-BF4B-00C04F79EFBC}") = "BioBooker.AuthApp.IntegrationTests", "Tests\AuthApp\IntegrationTests\BioBooker.AuthApp.IntegrationTests.csproj", "{B40579D7-56D1-473A-A77A-A54A5D2D9B8F}"
EndProject
Project("{2150E333-8FDC-42A3-9474-1A3956D46DE8}") = "Utl", "Utl", "{29411B71-1C7E-48A0-8AB7-E08AF8BED69F}"
EndProject
Project("{FAE04EC0-301F-11D3-BF4B-00C04F79EFBC}") = "BioBooker.Utl.UnitTests", "Tests\Utl\UnitTests\BioBooker.Utl.UnitTests.csproj", "{235BFDAF-D7E7-45DB-B9EF-1DE12683A83B}"
EndProject
Project("{2150E333-8FDC-42A3-9474-1A3956D46DE8}") = "Dml", "Dml", "{5639EB49-FDCF-4376-9389-AC45B460654A}"
EndProject
Project("{FAE04EC0-301F-11D3-BF4B-00C04F79EFBC}") = "BioBooker.Dml.UnitTests", "Tests\Dml\UnitTests\BioBooker.Dml.UnitTests.csproj", "{4E1B55E1-DBB6-4912-B894-DACBF802CCAB}"
EndProject
Project("{2150E333-8FDC-42A3-9474-1A3956D46DE8}") = "WebApi", "WebApi", "{20CAFA3C-326C-4139-96A9-F5AF1E72DC49}"
EndProject
Project("{FAE04EC0-301F-11D3-BF4B-00C04F79EFBC}") = "BioBooker.WebApi.UnitTests", "Tests\WebApi\UnitTests\BioBooker.WebApi.UnitTests.csproj", "{55ACAE99-ED63-4575-8F64-D39F4B3562EA}"
EndProject
Project("{FAE04EC0-301F-11D3-BF4B-00C04F79EFBC}") = "BioBooker.WebApi.IntegrationTests", "Tests\WebApi\IntegrationTests\BioBooker.WebApi.IntegrationTests.csproj", "{0B9A3D95-0A5E-475C-B8F2-485B4AF3D135}"
EndProject
Project("{2150E333-8FDC-42A3-9474-1A3956D46DE8}") = "WebApp", "WebApp", "{ECE6809D-8E38-4477-8C76-5489CC4C0705}"
EndProject
Project("{FAE04EC0-301F-11D3-BF4B-00C04F79EFBC}") = "BioBooker.WebApp.UnitTests", "Tests\WebApp\UnitTests\BioBooker.WebApp.UnitTests.csproj", "{A9596152-774D-419F-89B0-72C7908BEC14}"
EndProject
Project("{FAE04EC0-301F-11D3-BF4B-00C04F79EFBC}") = "BioBooker.WebApp.IntegrationTests", "Tests\WebApp\IntegrationTests\BioBooker.WebApp.IntegrationTests.csproj", "{8AAD1C44-F3B8-4441-90AA-9A2E3CAEDFE2}"
EndProject
Project("{2150E333-8FDC-42A3-9474-1A3956D46DE8}") = "WinApp", "WinApp", "{D718890F-B841-4205-868F-E247D4476AFA}"
EndProject
Project("{FAE04EC0-301F-11D3-BF4B-00C04F79EFBC}") = "BioBooker.WinApp.UnitTests", "Tests\WinApp\UnitTests\BioBooker.WinApp.UnitTests.csproj", "{417779CD-A86C-4CAB-9384-6CB0C2205F74}"
EndProject
Project("{FAE04EC0-301F-11D3-BF4B-00C04F79EFBC}") = "BioBooker.WinApp.IntegrationTests", "Tests\WinApp\IntegrationTests\BioBooker.WinApp.IntegrationTests.csproj", "{43455DDC-14C1-441E-BCEE-D4E5FCFEC4D6}"
EndProject
Global
	GlobalSection(SolutionConfigurationPlatforms) = preSolution
		Debug|Any CPU = Debug|Any CPU
		Release|Any CPU = Release|Any CPU
	EndGlobalSection
	GlobalSection(SolutionProperties) = preSolution
		HideSolutionNode = FALSE
	EndGlobalSection
	GlobalSection(ProjectConfigurationPlatforms) = postSolution
		{828C1182-8946-488C-B562-3A6F242E3D3B}.Debug|Any CPU.ActiveCfg = Debug|Any CPU
		{828C1182-8946-488C-B562-3A6F242E3D3B}.Debug|Any CPU.Build.0 = Debug|Any CPU
		{828C1182-8946-488C-B562-3A6F242E3D3B}.Release|Any CPU.ActiveCfg = Release|Any CPU
		{828C1182-8946-488C-B562-3A6F242E3D3B}.Release|Any CPU.Build.0 = Release|Any CPU
		{AEF05ADE-1DC4-4567-8CF5-C7E30062DD58}.Debug|Any CPU.ActiveCfg = Debug|Any CPU
		{AEF05ADE-1DC4-4567-8CF5-C7E30062DD58}.Debug|Any CPU.Build.0 = Debug|Any CPU
		{AEF05ADE-1DC4-4567-8CF5-C7E30062DD58}.Release|Any CPU.ActiveCfg = Release|Any CPU
		{AEF05ADE-1DC4-4567-8CF5-C7E30062DD58}.Release|Any CPU.Build.0 = Release|Any CPU
		{D8AFEF15-338E-4BF1-95C4-1E2B31AFA1CA}.Debug|Any CPU.ActiveCfg = Debug|Any CPU
		{D8AFEF15-338E-4BF1-95C4-1E2B31AFA1CA}.Debug|Any CPU.Build.0 = Debug|Any CPU
		{D8AFEF15-338E-4BF1-95C4-1E2B31AFA1CA}.Release|Any CPU.ActiveCfg = Release|Any CPU
		{D8AFEF15-338E-4BF1-95C4-1E2B31AFA1CA}.Release|Any CPU.Build.0 = Release|Any CPU
		{480BB775-B82A-42AC-BC7F-CFE74A3FD605}.Debug|Any CPU.ActiveCfg = Debug|Any CPU
		{480BB775-B82A-42AC-BC7F-CFE74A3FD605}.Debug|Any CPU.Build.0 = Debug|Any CPU
		{480BB775-B82A-42AC-BC7F-CFE74A3FD605}.Release|Any CPU.ActiveCfg = Release|Any CPU
		{480BB775-B82A-42AC-BC7F-CFE74A3FD605}.Release|Any CPU.Build.0 = Release|Any CPU
		{261B8F15-19FF-4F17-860A-47A4F7E8CAFB}.Debug|Any CPU.ActiveCfg = Debug|Any CPU
		{261B8F15-19FF-4F17-860A-47A4F7E8CAFB}.Debug|Any CPU.Build.0 = Debug|Any CPU
		{261B8F15-19FF-4F17-860A-47A4F7E8CAFB}.Release|Any CPU.ActiveCfg = Release|Any CPU
		{261B8F15-19FF-4F17-860A-47A4F7E8CAFB}.Release|Any CPU.Build.0 = Release|Any CPU
		{195214E8-9774-4080-8AF4-5E178BBDBEC9}.Debug|Any CPU.ActiveCfg = Debug|Any CPU
		{195214E8-9774-4080-8AF4-5E178BBDBEC9}.Debug|Any CPU.Build.0 = Debug|Any CPU
		{195214E8-9774-4080-8AF4-5E178BBDBEC9}.Release|Any CPU.ActiveCfg = Release|Any CPU
		{195214E8-9774-4080-8AF4-5E178BBDBEC9}.Release|Any CPU.Build.0 = Release|Any CPU
		{400AF884-0B7E-4771-BBF6-79B081D3FBF5}.Debug|Any CPU.ActiveCfg = Debug|Any CPU
		{400AF884-0B7E-4771-BBF6-79B081D3FBF5}.Debug|Any CPU.Build.0 = Debug|Any CPU
		{400AF884-0B7E-4771-BBF6-79B081D3FBF5}.Release|Any CPU.ActiveCfg = Release|Any CPU
		{400AF884-0B7E-4771-BBF6-79B081D3FBF5}.Release|Any CPU.Build.0 = Release|Any CPU
		{3F0ABD88-F484-4232-94BD-DAE4A17B22EC}.Debug|Any CPU.ActiveCfg = Debug|Any CPU
		{3F0ABD88-F484-4232-94BD-DAE4A17B22EC}.Debug|Any CPU.Build.0 = Debug|Any CPU
		{3F0ABD88-F484-4232-94BD-DAE4A17B22EC}.Release|Any CPU.ActiveCfg = Release|Any CPU
		{3F0ABD88-F484-4232-94BD-DAE4A17B22EC}.Release|Any CPU.Build.0 = Release|Any CPU
		{E0768446-0F1F-4A43-81B3-CFD19F65A6D0}.Debug|Any CPU.ActiveCfg = Debug|Any CPU
		{E0768446-0F1F-4A43-81B3-CFD19F65A6D0}.Debug|Any CPU.Build.0 = Debug|Any CPU
		{E0768446-0F1F-4A43-81B3-CFD19F65A6D0}.Release|Any CPU.ActiveCfg = Release|Any CPU
		{E0768446-0F1F-4A43-81B3-CFD19F65A6D0}.Release|Any CPU.Build.0 = Release|Any CPU
		{BA5DBBA8-2638-4B20-AC46-2D05B9E953D5}.Debug|Any CPU.ActiveCfg = Debug|Any CPU
		{BA5DBBA8-2638-4B20-AC46-2D05B9E953D5}.Debug|Any CPU.Build.0 = Debug|Any CPU
		{BA5DBBA8-2638-4B20-AC46-2D05B9E953D5}.Release|Any CPU.ActiveCfg = Release|Any CPU
		{BA5DBBA8-2638-4B20-AC46-2D05B9E953D5}.Release|Any CPU.Build.0 = Release|Any CPU
		{CE65D208-A882-45EE-A0E3-3D83E325D186}.Debug|Any CPU.ActiveCfg = Debug|Any CPU
		{CE65D208-A882-45EE-A0E3-3D83E325D186}.Debug|Any CPU.Build.0 = Debug|Any CPU
		{CE65D208-A882-45EE-A0E3-3D83E325D186}.Release|Any CPU.ActiveCfg = Release|Any CPU
		{CE65D208-A882-45EE-A0E3-3D83E325D186}.Release|Any CPU.Build.0 = Release|Any CPU
		{592DFB0C-42ED-47C8-894F-46E1381E1ED2}.Debug|Any CPU.ActiveCfg = Debug|Any CPU
		{592DFB0C-42ED-47C8-894F-46E1381E1ED2}.Debug|Any CPU.Build.0 = Debug|Any CPU
		{592DFB0C-42ED-47C8-894F-46E1381E1ED2}.Release|Any CPU.ActiveCfg = Release|Any CPU
		{592DFB0C-42ED-47C8-894F-46E1381E1ED2}.Release|Any CPU.Build.0 = Release|Any CPU
		{463FE671-A6BC-4C75-8518-F4E47C96B33F}.Debug|Any CPU.ActiveCfg = Debug|Any CPU
		{463FE671-A6BC-4C75-8518-F4E47C96B33F}.Debug|Any CPU.Build.0 = Debug|Any CPU
		{463FE671-A6BC-4C75-8518-F4E47C96B33F}.Release|Any CPU.ActiveCfg = Release|Any CPU
		{463FE671-A6BC-4C75-8518-F4E47C96B33F}.Release|Any CPU.Build.0 = Release|Any CPU
		{2DB2956E-B6BE-4A54-9545-BE9780628A1D}.Debug|Any CPU.ActiveCfg = Debug|Any CPU
		{2DB2956E-B6BE-4A54-9545-BE9780628A1D}.Debug|Any CPU.Build.0 = Debug|Any CPU
		{2DB2956E-B6BE-4A54-9545-BE9780628A1D}.Release|Any CPU.ActiveCfg = Release|Any CPU
		{2DB2956E-B6BE-4A54-9545-BE9780628A1D}.Release|Any CPU.Build.0 = Release|Any CPU
		{888FC146-C4C8-4CF5-BC9C-6991EB11EC69}.Debug|Any CPU.ActiveCfg = Debug|Any CPU
		{888FC146-C4C8-4CF5-BC9C-6991EB11EC69}.Debug|Any CPU.Build.0 = Debug|Any CPU
		{888FC146-C4C8-4CF5-BC9C-6991EB11EC69}.Release|Any CPU.ActiveCfg = Release|Any CPU
		{888FC146-C4C8-4CF5-BC9C-6991EB11EC69}.Release|Any CPU.Build.0 = Release|Any CPU
		{3E88607D-2312-4563-A377-2FC6A96162F6}.Debug|Any CPU.ActiveCfg = Debug|Any CPU
		{3E88607D-2312-4563-A377-2FC6A96162F6}.Debug|Any CPU.Build.0 = Debug|Any CPU
		{3E88607D-2312-4563-A377-2FC6A96162F6}.Release|Any CPU.ActiveCfg = Release|Any CPU
		{3E88607D-2312-4563-A377-2FC6A96162F6}.Release|Any CPU.Build.0 = Release|Any CPU
		{096126A0-057B-4809-A62C-9B2C5F9F4C1C}.Debug|Any CPU.ActiveCfg = Debug|Any CPU
		{096126A0-057B-4809-A62C-9B2C5F9F4C1C}.Debug|Any CPU.Build.0 = Debug|Any CPU
		{096126A0-057B-4809-A62C-9B2C5F9F4C1C}.Release|Any CPU.ActiveCfg = Release|Any CPU
		{096126A0-057B-4809-A62C-9B2C5F9F4C1C}.Release|Any CPU.Build.0 = Release|Any CPU
		{9B3BE0D2-D7F2-40D8-B320-FF6E49FE9970}.Debug|Any CPU.ActiveCfg = Debug|Any CPU
		{9B3BE0D2-D7F2-40D8-B320-FF6E49FE9970}.Debug|Any CPU.Build.0 = Debug|Any CPU
		{9B3BE0D2-D7F2-40D8-B320-FF6E49FE9970}.Release|Any CPU.ActiveCfg = Release|Any CPU
		{9B3BE0D2-D7F2-40D8-B320-FF6E49FE9970}.Release|Any CPU.Build.0 = Release|Any CPU
		{B40579D7-56D1-473A-A77A-A54A5D2D9B8F}.Debug|Any CPU.ActiveCfg = Debug|Any CPU
		{B40579D7-56D1-473A-A77A-A54A5D2D9B8F}.Debug|Any CPU.Build.0 = Debug|Any CPU
		{B40579D7-56D1-473A-A77A-A54A5D2D9B8F}.Release|Any CPU.ActiveCfg = Release|Any CPU
		{B40579D7-56D1-473A-A77A-A54A5D2D9B8F}.Release|Any CPU.Build.0 = Release|Any CPU
		{235BFDAF-D7E7-45DB-B9EF-1DE12683A83B}.Debug|Any CPU.ActiveCfg = Debug|Any CPU
		{235BFDAF-D7E7-45DB-B9EF-1DE12683A83B}.Debug|Any CPU.Build.0 = Debug|Any CPU
		{235BFDAF-D7E7-45DB-B9EF-1DE12683A83B}.Release|Any CPU.ActiveCfg = Release|Any CPU
		{235BFDAF-D7E7-45DB-B9EF-1DE12683A83B}.Release|Any CPU.Build.0 = Release|Any CPU
		{4E1B55E1-DBB6-4912-B894-DACBF802CCAB}.Debug|Any CPU.ActiveCfg = Debug|Any CPU
		{4E1B55E1-DBB6-4912-B894-DACBF802CCAB}.Debug|Any CPU.Build.0 = Debug|Any CPU
		{4E1B55E1-DBB6-4912-B894-DACBF802CCAB}.Release|Any CPU.ActiveCfg = Release|Any CPU
		{4E1B55E1-DBB6-4912-B894-DACBF802CCAB}.Release|Any CPU.Build.0 = Release|Any CPU
		{55ACAE99-ED63-4575-8F64-D39F4B3562EA}.Debug|Any CPU.ActiveCfg = Debug|Any CPU
		{55ACAE99-ED63-4575-8F64-D39F4B3562EA}.Debug|Any CPU.Build.0 = Debug|Any CPU
		{55ACAE99-ED63-4575-8F64-D39F4B3562EA}.Release|Any CPU.ActiveCfg = Release|Any CPU
		{55ACAE99-ED63-4575-8F64-D39F4B3562EA}.Release|Any CPU.Build.0 = Release|Any CPU
		{0B9A3D95-0A5E-475C-B8F2-485B4AF3D135}.Debug|Any CPU.ActiveCfg = Debug|Any CPU
		{0B9A3D95-0A5E-475C-B8F2-485B4AF3D135}.Debug|Any CPU.Build.0 = Debug|Any CPU
		{0B9A3D95-0A5E-475C-B8F2-485B4AF3D135}.Release|Any CPU.ActiveCfg = Release|Any CPU
		{0B9A3D95-0A5E-475C-B8F2-485B4AF3D135}.Release|Any CPU.Build.0 = Release|Any CPU
		{A9596152-774D-419F-89B0-72C7908BEC14}.Debug|Any CPU.ActiveCfg = Debug|Any CPU
		{A9596152-774D-419F-89B0-72C7908BEC14}.Debug|Any CPU.Build.0 = Debug|Any CPU
		{A9596152-774D-419F-89B0-72C7908BEC14}.Release|Any CPU.ActiveCfg = Release|Any CPU
		{A9596152-774D-419F-89B0-72C7908BEC14}.Release|Any CPU.Build.0 = Release|Any CPU
		{8AAD1C44-F3B8-4441-90AA-9A2E3CAEDFE2}.Debug|Any CPU.ActiveCfg = Debug|Any CPU
		{8AAD1C44-F3B8-4441-90AA-9A2E3CAEDFE2}.Debug|Any CPU.Build.0 = Debug|Any CPU
		{8AAD1C44-F3B8-4441-90AA-9A2E3CAEDFE2}.Release|Any CPU.ActiveCfg = Release|Any CPU
		{8AAD1C44-F3B8-4441-90AA-9A2E3CAEDFE2}.Release|Any CPU.Build.0 = Release|Any CPU
		{417779CD-A86C-4CAB-9384-6CB0C2205F74}.Debug|Any CPU.ActiveCfg = Debug|Any CPU
		{417779CD-A86C-4CAB-9384-6CB0C2205F74}.Debug|Any CPU.Build.0 = Debug|Any CPU
		{417779CD-A86C-4CAB-9384-6CB0C2205F74}.Release|Any CPU.ActiveCfg = Release|Any CPU
		{417779CD-A86C-4CAB-9384-6CB0C2205F74}.Release|Any CPU.Build.0 = Release|Any CPU
		{43455DDC-14C1-441E-BCEE-D4E5FCFEC4D6}.Debug|Any CPU.ActiveCfg = Debug|Any CPU
		{43455DDC-14C1-441E-BCEE-D4E5FCFEC4D6}.Debug|Any CPU.Build.0 = Debug|Any CPU
		{43455DDC-14C1-441E-BCEE-D4E5FCFEC4D6}.Release|Any CPU.ActiveCfg = Release|Any CPU
		{43455DDC-14C1-441E-BCEE-D4E5FCFEC4D6}.Release|Any CPU.Build.0 = Release|Any CPU
	EndGlobalSection
	GlobalSection(NestedProjects) = preSolution
		{F5CC11E4-E3C6-416F-B106-843D71C4F096} = {D194E728-EF78-4CEE-8EB6-D12A0018AA09}
		{828C1182-8946-488C-B562-3A6F242E3D3B} = {F5CC11E4-E3C6-416F-B106-843D71C4F096}
		{AEF05ADE-1DC4-4567-8CF5-C7E30062DD58} = {F5CC11E4-E3C6-416F-B106-843D71C4F096}
		{D8AFEF15-338E-4BF1-95C4-1E2B31AFA1CA} = {F5CC11E4-E3C6-416F-B106-843D71C4F096}
		{480BB775-B82A-42AC-BC7F-CFE74A3FD605} = {F5CC11E4-E3C6-416F-B106-843D71C4F096}
		{261B8F15-19FF-4F17-860A-47A4F7E8CAFB} = {F5CC11E4-E3C6-416F-B106-843D71C4F096}
		{195214E8-9774-4080-8AF4-5E178BBDBEC9} = {D194E728-EF78-4CEE-8EB6-D12A0018AA09}
		{400AF884-0B7E-4771-BBF6-79B081D3FBF5} = {D194E728-EF78-4CEE-8EB6-D12A0018AA09}
		{1FA2FB18-C99F-4D21-804A-7217F3A111A9} = {D194E728-EF78-4CEE-8EB6-D12A0018AA09}
		{3F0ABD88-F484-4232-94BD-DAE4A17B22EC} = {1FA2FB18-C99F-4D21-804A-7217F3A111A9}
		{E0768446-0F1F-4A43-81B3-CFD19F65A6D0} = {1FA2FB18-C99F-4D21-804A-7217F3A111A9}
		{BA5DBBA8-2638-4B20-AC46-2D05B9E953D5} = {1FA2FB18-C99F-4D21-804A-7217F3A111A9}
		{CE65D208-A882-45EE-A0E3-3D83E325D186} = {1FA2FB18-C99F-4D21-804A-7217F3A111A9}
		{2F15C357-B37A-48F1-96E2-8C4C094E9156} = {D194E728-EF78-4CEE-8EB6-D12A0018AA09}
		{592DFB0C-42ED-47C8-894F-46E1381E1ED2} = {2F15C357-B37A-48F1-96E2-8C4C094E9156}
		{463FE671-A6BC-4C75-8518-F4E47C96B33F} = {2F15C357-B37A-48F1-96E2-8C4C094E9156}
		{2DB2956E-B6BE-4A54-9545-BE9780628A1D} = {2F15C357-B37A-48F1-96E2-8C4C094E9156}
		{8FDB0CFE-3B6F-4567-B143-CC237373F7C1} = {D194E728-EF78-4CEE-8EB6-D12A0018AA09}
		{888FC146-C4C8-4CF5-BC9C-6991EB11EC69} = {8FDB0CFE-3B6F-4567-B143-CC237373F7C1}
		{3E88607D-2312-4563-A377-2FC6A96162F6} = {8FDB0CFE-3B6F-4567-B143-CC237373F7C1}
		{096126A0-057B-4809-A62C-9B2C5F9F4C1C} = {8FDB0CFE-3B6F-4567-B143-CC237373F7C1}
		{C2DF3C80-059E-4A80-B2C8-8FD4C2BDEFBB} = {2CE831E3-CAE5-40F7-8E2A-90BCFE26F330}
		{9B3BE0D2-D7F2-40D8-B320-FF6E49FE9970} = {C2DF3C80-059E-4A80-B2C8-8FD4C2BDEFBB}
		{B40579D7-56D1-473A-A77A-A54A5D2D9B8F} = {C2DF3C80-059E-4A80-B2C8-8FD4C2BDEFBB}
		{29411B71-1C7E-48A0-8AB7-E08AF8BED69F} = {2CE831E3-CAE5-40F7-8E2A-90BCFE26F330}
		{235BFDAF-D7E7-45DB-B9EF-1DE12683A83B} = {29411B71-1C7E-48A0-8AB7-E08AF8BED69F}
		{5639EB49-FDCF-4376-9389-AC45B460654A} = {2CE831E3-CAE5-40F7-8E2A-90BCFE26F330}
		{4E1B55E1-DBB6-4912-B894-DACBF802CCAB} = {5639EB49-FDCF-4376-9389-AC45B460654A}
		{20CAFA3C-326C-4139-96A9-F5AF1E72DC49} = {2CE831E3-CAE5-40F7-8E2A-90BCFE26F330}
		{55ACAE99-ED63-4575-8F64-D39F4B3562EA} = {20CAFA3C-326C-4139-96A9-F5AF1E72DC49}
		{0B9A3D95-0A5E-475C-B8F2-485B4AF3D135} = {20CAFA3C-326C-4139-96A9-F5AF1E72DC49}
		{ECE6809D-8E38-4477-8C76-5489CC4C0705} = {2CE831E3-CAE5-40F7-8E2A-90BCFE26F330}
		{A9596152-774D-419F-89B0-72C7908BEC14} = {ECE6809D-8E38-4477-8C76-5489CC4C0705}
		{8AAD1C44-F3B8-4441-90AA-9A2E3CAEDFE2} = {ECE6809D-8E38-4477-8C76-5489CC4C0705}
		{D718890F-B841-4205-868F-E247D4476AFA} = {2CE831E3-CAE5-40F7-8E2A-90BCFE26F330}
		{417779CD-A86C-4CAB-9384-6CB0C2205F74} = {D718890F-B841-4205-868F-E247D4476AFA}
		{43455DDC-14C1-441E-BCEE-D4E5FCFEC4D6} = {D718890F-B841-4205-868F-E247D4476AFA}
	EndGlobalSection
EndGlobal
